
Microsoft Visual Studio Solution File, Format Version 12.00
# Visual Studio Version 17
VisualStudioVersion = 17.14.37502.11
MinimumVisualStudioVersion = 10.0.40219.1
Project("{FAE04EC0-301F-11D3-BF4B-00C04F79EFBC}") = "Capa_Modelo_Combol", "CapaModelo_prototipoumg2k26\Capa_Modelo_Combol.csproj", "{E54C259F-84AB-45C7-ADAC-4972F984CF7F}"
EndProject
Project("{FAE04EC0-301F-11D3-BF4B-00C04F79EFBC}") = "Capa_Controlador_Combol", "CapaControlador_Combol\Capa_Controlador_Combol.csproj", "{E85D7203-D299-4542-8731-D99DEA224A34}"
EndProject
Project("{FAE04EC0-301F-11D3-BF4B-00C04F79EFBC}") = "Capa_Vista_Combol", "Capa_Vista_Combol\Capa_Vista_Combol.csproj", "{0580CD36-F535-474B-B46F-2BFA264DA4F7}"
EndProject
Global
	GlobalSection(SolutionConfigurationPlatforms) = preSolution
		Debug|Any CPU = Debug|Any CPU
		Release|Any CPU = Release|Any CPU
	EndGlobalSection
	GlobalSection(ProjectConfigurationPlatforms) = postSolution
		{E54C259F-84AB-45C7-ADAC-4972F984CF7F}.Debug|Any CPU.ActiveCfg = Debug|Any CPU
		{E54C259F-84AB-45C7-ADAC-4972F984CF7F}.Debug|Any CPU.Build.0 = Debug|Any CPU
		{E54C259F-84AB-45C7-ADAC-4972F984CF7F}.Release|Any CPU.ActiveCfg = Release|Any CPU
		{E54C259F-84AB-45C7-ADAC-4972F984CF7F}.Release|Any CPU.Build.0 = Release|Any CPU
		{E85D7203-D299-4542-8731-D99DEA224A34}.Debug|Any CPU.ActiveCfg = Debug|Any CPU
		{E85D7203-D299-4542-8731-D99DEA224A34}.Debug|Any CPU.Build.0 = Debug|Any CPU
		{E85D7203-D299-4542-8731-D99DEA224A34}.Release|Any CPU.ActiveCfg = Release|Any CPU
		{E85D7203-D299-4542-8731-D99DEA224A34}.Release|Any CPU.Build.0 = Release|Any CPU
		{0580CD36-F535-474B-B46F-2BFA264DA4F7}.Debug|Any CPU.ActiveCfg = Debug|Any CPU
		{0580CD36-F535-474B-B46F-2BFA264DA4F7}.Debug|Any CPU.Build.0 = Debug|Any CPU
		{0580CD36-F535-474B-B46F-2BFA264DA4F7}.Release|Any CPU.ActiveCfg = Release|Any CPU
		{0580CD36-F535-474B-B46F-2BFA264DA4F7}.Release|Any CPU.Build.0 = Release|Any CPU
	EndGlobalSection
	GlobalSection(SolutionProperties) = preSolution
		HideSolutionNode = FALSE
	EndGlobalSection
	GlobalSection(ExtensibilityGlobals) = postSolution
		SolutionGuid = {C9D25F1B-307B-4945-BAFA-DD15FB66677E}
	EndGlobalSection
EndGlobal
